// !$*UTF8*$!
{
	archiveVersion = 1;
	classes = {
	};
	objectVersion = 46;
	objects = {

/* Begin PBXBuildFile section */
		8430278E204DD1EC000ACDE2 /* root.plist in Resources */ = {isa = PBXBuildFile; fileRef = 8430278D204DD1EC000ACDE2 /* root.plist */; };
		84302794204E4BE8000ACDE2 /* SettingsTableViewController.m in Sources */ = {isa = PBXBuildFile; fileRef = 84302793204E4BE8000ACDE2 /* SettingsTableViewController.m */; };
		844930981F57518D0048CA06 /* Keyboard.xib in Resources */ = {isa = PBXBuildFile; fileRef = 844930971F57518D0048CA06 /* Keyboard.xib */; };
		844EA05A1C6C821E00E0068D /* MainMenuViewController.m in Sources */ = {isa = PBXBuildFile; fileRef = 844EA0591C6C821E00E0068D /* MainMenuViewController.m */; };
		8466F1FB1CD999DA000056BA /* libGoogleConversionTracking.a in Frameworks */ = {isa = PBXBuildFile; fileRef = 8466F1F91CD999DA000056BA /* libGoogleConversionTracking.a */; };
		8466F1FC1CD999DA000056BA /* README.txt in Resources */ = {isa = PBXBuildFile; fileRef = 8466F1FA1CD999DA000056BA /* README.txt */; };
		849DF7131C49E22800D86556 /* AudioToolbox.framework in Frameworks */ = {isa = PBXBuildFile; fileRef = 849DF7121C49E22800D86556 /* AudioToolbox.framework */; };
		849DF71C1C4B167000D86556 /* TableViewController.m in Sources */ = {isa = PBXBuildFile; fileRef = 849DF71B1C4B167000D86556 /* TableViewController.m */; };
		84CDFBE61C3C1F4200E2EF3E /* main.m in Sources */ = {isa = PBXBuildFile; fileRef = 84CDFBE51C3C1F4200E2EF3E /* main.m */; };
		84CDFBE91C3C1F4200E2EF3E /* AppDelegate.m in Sources */ = {isa = PBXBuildFile; fileRef = 84CDFBE81C3C1F4200E2EF3E /* AppDelegate.m */; };
		84CDFBEF1C3C1F4200E2EF3E /* Main.storyboard in Resources */ = {isa = PBXBuildFile; fileRef = 84CDFBED1C3C1F4200E2EF3E /* Main.storyboard */; };
		84CDFBF11C3C1F4200E2EF3E /* Assets.xcassets in Resources */ = {isa = PBXBuildFile; fileRef = 84CDFBF01C3C1F4200E2EF3E /* Assets.xcassets */; };
		84CDFBF41C3C1F4200E2EF3E /* LaunchScreen.storyboard in Resources */ = {isa = PBXBuildFile; fileRef = 84CDFBF21C3C1F4200E2EF3E /* LaunchScreen.storyboard */; };
		84CDFBFF1C3C1F4200E2EF3E /* Kazakh_KeyboardTests.m in Sources */ = {isa = PBXBuildFile; fileRef = 84CDFBFE1C3C1F4200E2EF3E /* Kazakh_KeyboardTests.m */; };
		84CDFC0A1C3C1F4200E2EF3E /* Kazakh_KeyboardUITests.m in Sources */ = {isa = PBXBuildFile; fileRef = 84CDFC091C3C1F4200E2EF3E /* Kazakh_KeyboardUITests.m */; };
		84CDFC1F1C3C1F5500E2EF3E /* KeyboardViewController.m in Sources */ = {isa = PBXBuildFile; fileRef = 84CDFC1E1C3C1F5500E2EF3E /* KeyboardViewController.m */; };
		84CDFC231C3C1F5500E2EF3E /* Kazakh.appex in Embed App Extensions */ = {isa = PBXBuildFile; fileRef = 84CDFC1B1C3C1F5500E2EF3E /* Kazakh.appex */; settings = {ATTRIBUTES = (RemoveHeadersOnCopy, ); }; };
		84CDFC2B1C3C201000E2EF3E /* Keyboard.m in Sources */ = {isa = PBXBuildFile; fileRef = 84CDFC291C3C201000E2EF3E /* Keyboard.m */; };
		84CDFC2E1C3C201700E2EF3E /* images.xcassets in Resources */ = {isa = PBXBuildFile; fileRef = 84CDFC2D1C3C201700E2EF3E /* images.xcassets */; };
		84CDFC311C3C217600E2EF3E /* KeyboardMainButtons.m in Sources */ = {isa = PBXBuildFile; fileRef = 84CDFC301C3C217600E2EF3E /* KeyboardMainButtons.m */; };
		84D21F771D7D3A670014ACF1 /* AdSupport.framework in Frameworks */ = {isa = PBXBuildFile; fileRef = 84D21F761D7D3A670014ACF1 /* AdSupport.framework */; };
/* End PBXBuildFile section */

/* Begin PBXContainerItemProxy section */
		84CDFBFB1C3C1F4200E2EF3E /* PBXContainerItemProxy */ = {
			isa = PBXContainerItemProxy;
			containerPortal = 84CDFBD91C3C1F4200E2EF3E /* Project object */;
			proxyType = 1;
			remoteGlobalIDString = 84CDFBE01C3C1F4200E2EF3E;
			remoteInfo = "Kazakh Keyboard";
		};
		84CDFC061C3C1F4200E2EF3E /* PBXContainerItemProxy */ = {
			isa = PBXContainerItemProxy;
			containerPortal = 84CDFBD91C3C1F4200E2EF3E /* Project object */;
			proxyType = 1;
			remoteGlobalIDString = 84CDFBE01C3C1F4200E2EF3E;
			remoteInfo = "Kazakh Keyboard";
		};
		84CDFC211C3C1F5500E2EF3E /* PBXContainerItemProxy */ = {
			isa = PBXContainerItemProxy;
			containerPortal = 84CDFBD91C3C1F4200E2EF3E /* Project object */;
			proxyType = 1;
			remoteGlobalIDString = 84CDFC1A1C3C1F5500E2EF3E;
			remoteInfo = Kazakh;
		};
/* End PBXContainerItemProxy section */

/* Begin PBXCopyFilesBuildPhase section */
		84CDFC271C3C1F5500E2EF3E /* Embed App Extensions */ = {
			isa = PBXCopyFilesBuildPhase;
			buildActionMask = 2147483647;
			dstPath = "";
			dstSubfolderSpec = 13;
			files = (
				84CDFC231C3C1F5500E2EF3E /* Kazakh.appex in Embed App Extensions */,
			);
			name = "Embed App Extensions";
			runOnlyForDeploymentPostprocessing = 0;
		};
/* End PBXCopyFilesBuildPhase section */

/* Begin PBXFileReference section */
		8427E6E423284927001DC746 /* README.md */ = {isa = PBXFileReference; lastKnownFileType = net.daringfireball.markdown; path = README.md; sourceTree = "<group>"; };
		8427E6E5232882DA001DC746 /* Constants.h */ = {isa = PBXFileReference; lastKnownFileType = sourcecode.c.h; path = Constants.h; sourceTree = "<group>"; };
		8430278D204DD1EC000ACDE2 /* root.plist */ = {isa = PBXFileReference; lastKnownFileType = text.plist.xml; path = root.plist; sourceTree = "<group>"; };
		84302792204E4BE8000ACDE2 /* SettingsTableViewController.h */ = {isa = PBXFileReference; lastKnownFileType = sourcecode.c.h; path = SettingsTableViewController.h; sourceTree = "<group>"; };
		84302793204E4BE8000ACDE2 /* SettingsTableViewController.m */ = {isa = PBXFileReference; lastKnownFileType = sourcecode.c.objc; path = SettingsTableViewController.m; sourceTree = "<group>"; };
		8430279E204EFB34000ACDE2 /* Kazakh Keyboard.entitlements */ = {isa = PBXFileReference; lastKnownFileType = text.plist.entitlements; path = "Kazakh Keyboard.entitlements"; sourceTree = "<group>"; };
		8430279F204EFF51000ACDE2 /* Kazakh.entitlements */ = {isa = PBXFileReference; lastKnownFileType = text.plist.entitlements; path = Kazakh.entitlements; sourceTree = "<group>"; };
		844930971F57518D0048CA06 /* Keyboard.xib */ = {isa = PBXFileReference; fileEncoding = 4; lastKnownFileType = file.xib; path = Keyboard.xib; sourceTree = "<group>"; };
		844EA0581C6C821E00E0068D /* MainMenuViewController.h */ = {isa = PBXFileReference; fileEncoding = 4; lastKnownFileType = sourcecode.c.h; path = MainMenuViewController.h; sourceTree = "<group>"; };
		844EA0591C6C821E00E0068D /* MainMenuViewController.m */ = {isa = PBXFileReference; fileEncoding = 4; lastKnownFileType = sourcecode.c.objc; path = MainMenuViewController.m; sourceTree = "<group>"; };
		8466F1F41CD999DA000056BA /* ACTReporter.h */ = {isa = PBXFileReference; fileEncoding = 4; lastKnownFileType = sourcecode.c.h; path = ACTReporter.h; sourceTree = "<group>"; };
		8466F1F61CD999DA000056BA /* GoogleConversionPing.h */ = {isa = PBXFileReference; fileEncoding = 4; lastKnownFileType = sourcecode.c.h; path = GoogleConversionPing.h; sourceTree = "<group>"; };
		8466F1F81CD999DA000056BA /* DCTReporter.h */ = {isa = PBXFileReference; fileEncoding = 4; lastKnownFileType = sourcecode.c.h; path = DCTReporter.h; sourceTree = "<group>"; };
		8466F1F91CD999DA000056BA /* libGoogleConversionTracking.a */ = {isa = PBXFileReference; lastKnownFileType = archive.ar; path = libGoogleConversionTracking.a; sourceTree = "<group>"; };
		8466F1FA1CD999DA000056BA /* README.txt */ = {isa = PBXFileReference; fileEncoding = 4; lastKnownFileType = text; path = README.txt; sourceTree = "<group>"; };
		849DF7121C49E22800D86556 /* AudioToolbox.framework */ = {isa = PBXFileReference; lastKnownFileType = wrapper.framework; name = AudioToolbox.framework; path = System/Library/Frameworks/AudioToolbox.framework; sourceTree = SDKROOT; };
		849DF71A1C4B167000D86556 /* TableViewController.h */ = {isa = PBXFileReference; fileEncoding = 4; lastKnownFileType = sourcecode.c.h; path = TableViewController.h; sourceTree = "<group>"; };
		849DF71B1C4B167000D86556 /* TableViewController.m */ = {isa = PBXFileReference; fileEncoding = 4; lastKnownFileType = sourcecode.c.objc; path = TableViewController.m; sourceTree = "<group>"; };
		849E7D7F1D812915000EE137 /* ru */ = {isa = PBXFileReference; lastKnownFileType = text.plist.strings; name = ru; path = ru.lproj/Main.strings; sourceTree = "<group>"; };
		849E7D801D812915000EE137 /* ru */ = {isa = PBXFileReference; lastKnownFileType = text.plist.strings; name = ru; path = ru.lproj/LaunchScreen.strings; sourceTree = "<group>"; };
		84CDFBE11C3C1F4200E2EF3E /* Kazakh Keyboard.app */ = {isa = PBXFileReference; explicitFileType = wrapper.application; includeInIndex = 0; path = "Kazakh Keyboard.app"; sourceTree = BUILT_PRODUCTS_DIR; };
		84CDFBE51C3C1F4200E2EF3E /* main.m */ = {isa = PBXFileReference; lastKnownFileType = sourcecode.c.objc; path = main.m; sourceTree = "<group>"; };
		84CDFBE71C3C1F4200E2EF3E /* AppDelegate.h */ = {isa = PBXFileReference; lastKnownFileType = sourcecode.c.h; path = AppDelegate.h; sourceTree = "<group>"; };
		84CDFBE81C3C1F4200E2EF3E /* AppDelegate.m */ = {isa = PBXFileReference; lastKnownFileType = sourcecode.c.objc; path = AppDelegate.m; sourceTree = "<group>"; };
		84CDFBEE1C3C1F4200E2EF3E /* Base */ = {isa = PBXFileReference; lastKnownFileType = file.storyboard; name = Base; path = Base.lproj/Main.storyboard; sourceTree = "<group>"; };
		84CDFBF01C3C1F4200E2EF3E /* Assets.xcassets */ = {isa = PBXFileReference; lastKnownFileType = folder.assetcatalog; path = Assets.xcassets; sourceTree = "<group>"; };
		84CDFBF31C3C1F4200E2EF3E /* Base */ = {isa = PBXFileReference; lastKnownFileType = file.storyboard; name = Base; path = Base.lproj/LaunchScreen.storyboard; sourceTree = "<group>"; };
		84CDFBF51C3C1F4200E2EF3E /* Info.plist */ = {isa = PBXFileReference; fileEncoding = 4; lastKnownFileType = text.plist.xml; path = Info.plist; sourceTree = "<group>"; };
		84CDFBFA1C3C1F4200E2EF3E /* Kazakh KeyboardTests.xctest */ = {isa = PBXFileReference; explicitFileType = wrapper.cfbundle; includeInIndex = 0; path = "Kazakh KeyboardTests.xctest"; sourceTree = BUILT_PRODUCTS_DIR; };
		84CDFBFE1C3C1F4200E2EF3E /* Kazakh_KeyboardTests.m */ = {isa = PBXFileReference; lastKnownFileType = sourcecode.c.objc; path = Kazakh_KeyboardTests.m; sourceTree = "<group>"; };
		84CDFC001C3C1F4200E2EF3E /* Info.plist */ = {isa = PBXFileReference; lastKnownFileType = text.plist.xml; path = Info.plist; sourceTree = "<group>"; };
		84CDFC051C3C1F4200E2EF3E /* Kazakh KeyboardUITests.xctest */ = {isa = PBXFileReference; explicitFileType = wrapper.cfbundle; includeInIndex = 0; path = "Kazakh KeyboardUITests.xctest"; sourceTree = BUILT_PRODUCTS_DIR; };
		84CDFC091C3C1F4200E2EF3E /* Kazakh_KeyboardUITests.m */ = {isa = PBXFileReference; lastKnownFileType = sourcecode.c.objc; path = Kazakh_KeyboardUITests.m; sourceTree = "<group>"; };
		84CDFC0B1C3C1F4200E2EF3E /* Info.plist */ = {isa = PBXFileReference; lastKnownFileType = text.plist.xml; path = Info.plist; sourceTree = "<group>"; };
		84CDFC1B1C3C1F5500E2EF3E /* Kazakh.appex */ = {isa = PBXFileReference; explicitFileType = "wrapper.app-extension"; includeInIndex = 0; path = Kazakh.appex; sourceTree = BUILT_PRODUCTS_DIR; };
		84CDFC1D1C3C1F5500E2EF3E /* KeyboardViewController.h */ = {isa = PBXFileReference; lastKnownFileType = sourcecode.c.h; path = KeyboardViewController.h; sourceTree = "<group>"; };
		84CDFC1E1C3C1F5500E2EF3E /* KeyboardViewController.m */ = {isa = PBXFileReference; lastKnownFileType = sourcecode.c.objc; path = KeyboardViewController.m; sourceTree = "<group>"; };
		84CDFC201C3C1F5500E2EF3E /* Info.plist */ = {isa = PBXFileReference; lastKnownFileType = text.plist.xml; path = Info.plist; sourceTree = "<group>"; };
		84CDFC281C3C201000E2EF3E /* Keyboard.h */ = {isa = PBXFileReference; fileEncoding = 4; lastKnownFileType = sourcecode.c.h; path = Keyboard.h; sourceTree = "<group>"; };
		84CDFC291C3C201000E2EF3E /* Keyboard.m */ = {isa = PBXFileReference; fileEncoding = 4; lastKnownFileType = sourcecode.c.objc; path = Keyboard.m; sourceTree = "<group>"; };
		84CDFC2D1C3C201700E2EF3E /* images.xcassets */ = {isa = PBXFileReference; lastKnownFileType = folder.assetcatalog; path = images.xcassets; sourceTree = "<group>"; };
		84CDFC2F1C3C217600E2EF3E /* KeyboardMainButtons.h */ = {isa = PBXFileReference; fileEncoding = 4; lastKnownFileType = sourcecode.c.h; path = KeyboardMainButtons.h; sourceTree = "<group>"; };
		84CDFC301C3C217600E2EF3E /* KeyboardMainButtons.m */ = {isa = PBXFileReference; fileEncoding = 4; lastKnownFileType = sourcecode.c.objc; path = KeyboardMainButtons.m; sourceTree = "<group>"; };
		84D21F761D7D3A670014ACF1 /* AdSupport.framework */ = {isa = PBXFileReference; lastKnownFileType = wrapper.framework; name = AdSupport.framework; path = System/Library/Frameworks/AdSupport.framework; sourceTree = SDKROOT; };
		84D21F781D7E03A30014ACF1 /* AVFoundation.framework */ = {isa = PBXFileReference; lastKnownFileType = wrapper.framework; name = AVFoundation.framework; path = System/Library/Frameworks/AVFoundation.framework; sourceTree = SDKROOT; };
/* End PBXFileReference section */

/* Begin PBXFrameworksBuildPhase section */
		84CDFBDE1C3C1F4200E2EF3E /* Frameworks */ = {
			isa = PBXFrameworksBuildPhase;
			buildActionMask = 2147483647;
			files = (
				84D21F771D7D3A670014ACF1 /* AdSupport.framework in Frameworks */,
				849DF7131C49E22800D86556 /* AudioToolbox.framework in Frameworks */,
				8466F1FB1CD999DA000056BA /* libGoogleConversionTracking.a in Frameworks */,
			);
			runOnlyForDeploymentPostprocessing = 0;
		};
		84CDFBF71C3C1F4200E2EF3E /* Frameworks */ = {
			isa = PBXFrameworksBuildPhase;
			buildActionMask = 2147483647;
			files = (
			);
			runOnlyForDeploymentPostprocessing = 0;
		};
		84CDFC021C3C1F4200E2EF3E /* Frameworks */ = {
			isa = PBXFrameworksBuildPhase;
			buildActionMask = 2147483647;
			files = (
			);
			runOnlyForDeploymentPostprocessing = 0;
		};
		84CDFC181C3C1F5500E2EF3E /* Frameworks */ = {
			isa = PBXFrameworksBuildPhase;
			buildActionMask = 2147483647;
			files = (
			);
			runOnlyForDeploymentPostprocessing = 0;
		};
/* End PBXFrameworksBuildPhase section */

/* Begin PBXGroup section */
		8430278C204DD1C0000ACDE2 /* Settings */ = {
			isa = PBXGroup;
			children = (
				8430278D204DD1EC000ACDE2 /* root.plist */,
			);
			path = Settings;
			sourceTree = "<group>";
		};
		8466F1F31CD999DA000056BA /* GoogleConversionTrackingSDK-iOS-3.4.0 */ = {
			isa = PBXGroup;
			children = (
				8466F1F41CD999DA000056BA /* ACTReporter.h */,
				8466F1F51CD999DA000056BA /* Deprecated */,
				8466F1F71CD999DA000056BA /* DoubleClick */,
				8466F1F91CD999DA000056BA /* libGoogleConversionTracking.a */,
				8466F1FA1CD999DA000056BA /* README.txt */,
			);
			name = "GoogleConversionTrackingSDK-iOS-3.4.0";
			path = "../GoogleConversionTrackingSDK-iOS-3.4.0";
			sourceTree = "<group>";
		};
		8466F1F51CD999DA000056BA /* Deprecated */ = {
			isa = PBXGroup;
			children = (
				8466F1F61CD999DA000056BA /* GoogleConversionPing.h */,
			);
			path = Deprecated;
			sourceTree = "<group>";
		};
		8466F1F71CD999DA000056BA /* DoubleClick */ = {
			isa = PBXGroup;
			children = (
				8466F1F81CD999DA000056BA /* DCTReporter.h */,
			);
			path = DoubleClick;
			sourceTree = "<group>";
		};
		84CDFBD81C3C1F4200E2EF3E = {
			isa = PBXGroup;
			children = (
				8427E6E423284927001DC746 /* README.md */,
				84CDFBE31C3C1F4200E2EF3E /* Kazakh Keyboard */,
				84CDFBFD1C3C1F4200E2EF3E /* Kazakh KeyboardTests */,
				84CDFC081C3C1F4200E2EF3E /* Kazakh KeyboardUITests */,
				84CDFC1C1C3C1F5500E2EF3E /* Kazakh */,
				84CDFBE21C3C1F4200E2EF3E /* Products */,
				84D21F751D7D3A670014ACF1 /* Frameworks */,
			);
			sourceTree = "<group>";
		};
		84CDFBE21C3C1F4200E2EF3E /* Products */ = {
			isa = PBXGroup;
			children = (
				84CDFBE11C3C1F4200E2EF3E /* Kazakh Keyboard.app */,
				84CDFBFA1C3C1F4200E2EF3E /* Kazakh KeyboardTests.xctest */,
				84CDFC051C3C1F4200E2EF3E /* Kazakh KeyboardUITests.xctest */,
				84CDFC1B1C3C1F5500E2EF3E /* Kazakh.appex */,
			);
			name = Products;
			sourceTree = "<group>";
		};
		84CDFBE31C3C1F4200E2EF3E /* Kazakh Keyboard */ = {
			isa = PBXGroup;
			children = (
				8430279E204EFB34000ACDE2 /* Kazakh Keyboard.entitlements */,
				8430278C204DD1C0000ACDE2 /* Settings */,
				8466F1F31CD999DA000056BA /* GoogleConversionTrackingSDK-iOS-3.4.0 */,
				84CDFBE71C3C1F4200E2EF3E /* AppDelegate.h */,
				8427E6E5232882DA001DC746 /* Constants.h */,
				84CDFBE81C3C1F4200E2EF3E /* AppDelegate.m */,
				849DF71A1C4B167000D86556 /* TableViewController.h */,
				849DF71B1C4B167000D86556 /* TableViewController.m */,
				844EA0581C6C821E00E0068D /* MainMenuViewController.h */,
				844EA0591C6C821E00E0068D /* MainMenuViewController.m */,
				84302792204E4BE8000ACDE2 /* SettingsTableViewController.h */,
				84302793204E4BE8000ACDE2 /* SettingsTableViewController.m */,
				84CDFBED1C3C1F4200E2EF3E /* Main.storyboard */,
				84CDFBF01C3C1F4200E2EF3E /* Assets.xcassets */,
				84CDFBF21C3C1F4200E2EF3E /* LaunchScreen.storyboard */,
				84CDFBF51C3C1F4200E2EF3E /* Info.plist */,
				84CDFBE41C3C1F4200E2EF3E /* Supporting Files */,
			);
			path = "Kazakh Keyboard";
			sourceTree = "<group>";
		};
		84CDFBE41C3C1F4200E2EF3E /* Supporting Files */ = {
			isa = PBXGroup;
			children = (
				84CDFBE51C3C1F4200E2EF3E /* main.m */,
			);
			name = "Supporting Files";
			sourceTree = "<group>";
		};
		84CDFBFD1C3C1F4200E2EF3E /* Kazakh KeyboardTests */ = {
			isa = PBXGroup;
			children = (
				84CDFBFE1C3C1F4200E2EF3E /* Kazakh_KeyboardTests.m */,
				84CDFC001C3C1F4200E2EF3E /* Info.plist */,
			);
			path = "Kazakh KeyboardTests";
			sourceTree = "<group>";
		};
		84CDFC081C3C1F4200E2EF3E /* Kazakh KeyboardUITests */ = {
			isa = PBXGroup;
			children = (
				84CDFC091C3C1F4200E2EF3E /* Kazakh_KeyboardUITests.m */,
				84CDFC0B1C3C1F4200E2EF3E /* Info.plist */,
			);
			path = "Kazakh KeyboardUITests";
			sourceTree = "<group>";
		};
		84CDFC1C1C3C1F5500E2EF3E /* Kazakh */ = {
			isa = PBXGroup;
			children = (
				8430279F204EFF51000ACDE2 /* Kazakh.entitlements */,
				849DF7121C49E22800D86556 /* AudioToolbox.framework */,
				84CDFC1D1C3C1F5500E2EF3E /* KeyboardViewController.h */,
				84CDFC1E1C3C1F5500E2EF3E /* KeyboardViewController.m */,
				84CDFC281C3C201000E2EF3E /* Keyboard.h */,
				84CDFC291C3C201000E2EF3E /* Keyboard.m */,
				844930971F57518D0048CA06 /* Keyboard.xib */,
				84CDFC2F1C3C217600E2EF3E /* KeyboardMainButtons.h */,
				84CDFC301C3C217600E2EF3E /* KeyboardMainButtons.m */,
				84CDFC2D1C3C201700E2EF3E /* images.xcassets */,
				84CDFC201C3C1F5500E2EF3E /* Info.plist */,
			);
			path = Kazakh;
			sourceTree = "<group>";
		};
		84D21F751D7D3A670014ACF1 /* Frameworks */ = {
			isa = PBXGroup;
			children = (
				84D21F781D7E03A30014ACF1 /* AVFoundation.framework */,
				84D21F761D7D3A670014ACF1 /* AdSupport.framework */,
			);
			name = Frameworks;
			sourceTree = "<group>";
		};
/* End PBXGroup section */

/* Begin PBXNativeTarget section */
		84CDFBE01C3C1F4200E2EF3E /* Kazakh Keyboard */ = {
			isa = PBXNativeTarget;
			buildConfigurationList = 84CDFC0E1C3C1F4200E2EF3E /* Build configuration list for PBXNativeTarget "Kazakh Keyboard" */;
			buildPhases = (
				84CDFBDD1C3C1F4200E2EF3E /* Sources */,
				84CDFBDE1C3C1F4200E2EF3E /* Frameworks */,
				84CDFBDF1C3C1F4200E2EF3E /* Resources */,
				84CDFC271C3C1F5500E2EF3E /* Embed App Extensions */,
				84302789204DC04B000ACDE2 /* Increment Build */,
			);
			buildRules = (
			);
			dependencies = (
				84CDFC221C3C1F5500E2EF3E /* PBXTargetDependency */,
			);
			name = "Kazakh Keyboard";
			productName = "Kazakh Keyboard";
			productReference = 84CDFBE11C3C1F4200E2EF3E /* Kazakh Keyboard.app */;
			productType = "com.apple.product-type.application";
		};
		84CDFBF91C3C1F4200E2EF3E /* Kazakh KeyboardTests */ = {
			isa = PBXNativeTarget;
			buildConfigurationList = 84CDFC111C3C1F4200E2EF3E /* Build configuration list for PBXNativeTarget "Kazakh KeyboardTests" */;
			buildPhases = (
				84CDFBF61C3C1F4200E2EF3E /* Sources */,
				84CDFBF71C3C1F4200E2EF3E /* Frameworks */,
				84CDFBF81C3C1F4200E2EF3E /* Resources */,
			);
			buildRules = (
			);
			dependencies = (
				84CDFBFC1C3C1F4200E2EF3E /* PBXTargetDependency */,
			);
			name = "Kazakh KeyboardTests";
			productName = "Kazakh KeyboardTests";
			productReference = 84CDFBFA1C3C1F4200E2EF3E /* Kazakh KeyboardTests.xctest */;
			productType = "com.apple.product-type.bundle.unit-test";
		};
		84CDFC041C3C1F4200E2EF3E /* Kazakh KeyboardUITests */ = {
			isa = PBXNativeTarget;
			buildConfigurationList = 84CDFC141C3C1F4200E2EF3E /* Build configuration list for PBXNativeTarget "Kazakh KeyboardUITests" */;
			buildPhases = (
				84CDFC011C3C1F4200E2EF3E /* Sources */,
				84CDFC021C3C1F4200E2EF3E /* Frameworks */,
				84CDFC031C3C1F4200E2EF3E /* Resources */,
			);
			buildRules = (
			);
			dependencies = (
				84CDFC071C3C1F4200E2EF3E /* PBXTargetDependency */,
			);
			name = "Kazakh KeyboardUITests";
			productName = "Kazakh KeyboardUITests";
			productReference = 84CDFC051C3C1F4200E2EF3E /* Kazakh KeyboardUITests.xctest */;
			productType = "com.apple.product-type.bundle.ui-testing";
		};
		84CDFC1A1C3C1F5500E2EF3E /* Kazakh */ = {
			isa = PBXNativeTarget;
			buildConfigurationList = 84CDFC241C3C1F5500E2EF3E /* Build configuration list for PBXNativeTarget "Kazakh" */;
			buildPhases = (
				84CDFC171C3C1F5500E2EF3E /* Sources */,
				84CDFC181C3C1F5500E2EF3E /* Frameworks */,
				84CDFC191C3C1F5500E2EF3E /* Resources */,
			);
			buildRules = (
			);
			dependencies = (
			);
			name = Kazakh;
			productName = Kazakh;
			productReference = 84CDFC1B1C3C1F5500E2EF3E /* Kazakh.appex */;
			productType = "com.apple.product-type.app-extension";
		};
/* End PBXNativeTarget section */

/* Begin PBXProject section */
		84CDFBD91C3C1F4200E2EF3E /* Project object */ = {
			isa = PBXProject;
			attributes = {
				LastUpgradeCheck = 1100;
				ORGANIZATIONNAME = "Maxim Puchkov";
				TargetAttributes = {
					84CDFBE01C3C1F4200E2EF3E = {
						CreatedOnToolsVersion = 7.2;
						DevelopmentTeam = U55Q33J358;
						ProvisioningStyle = Automatic;
						SystemCapabilities = {
							com.apple.ApplicationGroups.iOS = {
								enabled = 1;
							};
						};
					};
					84CDFBF91C3C1F4200E2EF3E = {
						CreatedOnToolsVersion = 7.2;
						TestTargetID = 84CDFBE01C3C1F4200E2EF3E;
					};
					84CDFC041C3C1F4200E2EF3E = {
						CreatedOnToolsVersion = 7.2;
						TestTargetID = 84CDFBE01C3C1F4200E2EF3E;
					};
					84CDFC1A1C3C1F5500E2EF3E = {
						CreatedOnToolsVersion = 7.2;
						DevelopmentTeam = U55Q33J358;
						ProvisioningStyle = Automatic;
						SystemCapabilities = {
							com.apple.ApplicationGroups.iOS = {
								enabled = 1;
							};
						};
					};
				};
			};
			buildConfigurationList = 84CDFBDC1C3C1F4200E2EF3E /* Build configuration list for PBXProject "Kazakh Keyboard" */;
			compatibilityVersion = "Xcode 3.2";
			developmentRegion = English;
			hasScannedForEncodings = 0;
			knownRegions = (
				English,
				Base,
				ru,
			);
			mainGroup = 84CDFBD81C3C1F4200E2EF3E;
			productRefGroup = 84CDFBE21C3C1F4200E2EF3E /* Products */;
			projectDirPath = "";
			projectRoot = "";
			targets = (
				84CDFBE01C3C1F4200E2EF3E /* Kazakh Keyboard */,
				84CDFBF91C3C1F4200E2EF3E /* Kazakh KeyboardTests */,
				84CDFC041C3C1F4200E2EF3E /* Kazakh KeyboardUITests */,
				84CDFC1A1C3C1F5500E2EF3E /* Kazakh */,
			);
		};
/* End PBXProject section */

/* Begin PBXResourcesBuildPhase section */
		84CDFBDF1C3C1F4200E2EF3E /* Resources */ = {
			isa = PBXResourcesBuildPhase;
			buildActionMask = 2147483647;
			files = (
				8430278E204DD1EC000ACDE2 /* root.plist in Resources */,
				84CDFBF41C3C1F4200E2EF3E /* LaunchScreen.storyboard in Resources */,
				84CDFBF11C3C1F4200E2EF3E /* Assets.xcassets in Resources */,
				8466F1FC1CD999DA000056BA /* README.txt in Resources */,
				84CDFBEF1C3C1F4200E2EF3E /* Main.storyboard in Resources */,
			);
			runOnlyForDeploymentPostprocessing = 0;
		};
		84CDFBF81C3C1F4200E2EF3E /* Resources */ = {
			isa = PBXResourcesBuildPhase;
			buildActionMask = 2147483647;
			files = (
			);
			runOnlyForDeploymentPostprocessing = 0;
		};
		84CDFC031C3C1F4200E2EF3E /* Resources */ = {
			isa = PBXResourcesBuildPhase;
			buildActionMask = 2147483647;
			files = (
			);
			runOnlyForDeploymentPostprocessing = 0;
		};
		84CDFC191C3C1F5500E2EF3E /* Resources */ = {
			isa = PBXResourcesBuildPhase;
			buildActionMask = 2147483647;
			files = (
				844930981F57518D0048CA06 /* Keyboard.xib in Resources */,
				84CDFC2E1C3C201700E2EF3E /* images.xcassets in Resources */,
			);
			runOnlyForDeploymentPostprocessing = 0;
		};
/* End PBXResourcesBuildPhase section */

/* Begin PBXShellScriptBuildPhase section */
		84302789204DC04B000ACDE2 /* Increment Build */ = {
			isa = PBXShellScriptBuildPhase;
			buildActionMask = 2147483647;
			files = (
			);
			inputPaths = (
			);
			name = "Increment Build";
			outputPaths = (
			);
			runOnlyForDeploymentPostprocessing = 0;
			shellPath = /bin/sh;
			shellScript = "buildNumber=$(/usr/libexec/PlistBuddy -c \"Print CFBundleVersion\" \"${PROJECT_DIR}/${INFOPLIST_FILE}\")\nbuildNumber=$(($buildNumber + 1))\n/usr/libexec/PlistBuddy -c \"Set :CFBundleVersion $buildNumber\" \"${PROJECT_DIR}/${INFOPLIST_FILE}\"\n";
		};
/* End PBXShellScriptBuildPhase section */

/* Begin PBXSourcesBuildPhase section */
		84CDFBDD1C3C1F4200E2EF3E /* Sources */ = {
			isa = PBXSourcesBuildPhase;
			buildActionMask = 2147483647;
			files = (
				844EA05A1C6C821E00E0068D /* MainMenuViewController.m in Sources */,
				84CDFBE91C3C1F4200E2EF3E /* AppDelegate.m in Sources */,
				84302794204E4BE8000ACDE2 /* SettingsTableViewController.m in Sources */,
				849DF71C1C4B167000D86556 /* TableViewController.m in Sources */,
				84CDFBE61C3C1F4200E2EF3E /* main.m in Sources */,
			);
			runOnlyForDeploymentPostprocessing = 0;
		};
		84CDFBF61C3C1F4200E2EF3E /* Sources */ = {
			isa = PBXSourcesBuildPhase;
			buildActionMask = 2147483647;
			files = (
				84CDFBFF1C3C1F4200E2EF3E /* Kazakh_KeyboardTests.m in Sources */,
			);
			runOnlyForDeploymentPostprocessing = 0;
		};
		84CDFC011C3C1F4200E2EF3E /* Sources */ = {
			isa = PBXSourcesBuildPhase;
			buildActionMask = 2147483647;
			files = (
				84CDFC0A1C3C1F4200E2EF3E /* Kazakh_KeyboardUITests.m in Sources */,
			);
			runOnlyForDeploymentPostprocessing = 0;
		};
		84CDFC171C3C1F5500E2EF3E /* Sources */ = {
			isa = PBXSourcesBuildPhase;
			buildActionMask = 2147483647;
			files = (
				84CDFC311C3C217600E2EF3E /* KeyboardMainButtons.m in Sources */,
				84CDFC2B1C3C201000E2EF3E /* Keyboard.m in Sources */,
				84CDFC1F1C3C1F5500E2EF3E /* KeyboardViewController.m in Sources */,
			);
			runOnlyForDeploymentPostprocessing = 0;
		};
/* End PBXSourcesBuildPhase section */

/* Begin PBXTargetDependency section */
		84CDFBFC1C3C1F4200E2EF3E /* PBXTargetDependency */ = {
			isa = PBXTargetDependency;
			target = 84CDFBE01C3C1F4200E2EF3E /* Kazakh Keyboard */;
			targetProxy = 84CDFBFB1C3C1F4200E2EF3E /* PBXContainerItemProxy */;
		};
		84CDFC071C3C1F4200E2EF3E /* PBXTargetDependency */ = {
			isa = PBXTargetDependency;
			target = 84CDFBE01C3C1F4200E2EF3E /* Kazakh Keyboard */;
			targetProxy = 84CDFC061C3C1F4200E2EF3E /* PBXContainerItemProxy */;
		};
		84CDFC221C3C1F5500E2EF3E /* PBXTargetDependency */ = {
			isa = PBXTargetDependency;
			target = 84CDFC1A1C3C1F5500E2EF3E /* Kazakh */;
			targetProxy = 84CDFC211C3C1F5500E2EF3E /* PBXContainerItemProxy */;
		};
/* End PBXTargetDependency section */

/* Begin PBXVariantGroup section */
		84CDFBED1C3C1F4200E2EF3E /* Main.storyboard */ = {
			isa = PBXVariantGroup;
			children = (
				84CDFBEE1C3C1F4200E2EF3E /* Base */,
				849E7D7F1D812915000EE137 /* ru */,
			);
			name = Main.storyboard;
			sourceTree = "<group>";
		};
		84CDFBF21C3C1F4200E2EF3E /* LaunchScreen.storyboard */ = {
			isa = PBXVariantGroup;
			children = (
				84CDFBF31C3C1F4200E2EF3E /* Base */,
				849E7D801D812915000EE137 /* ru */,
			);
			name = LaunchScreen.storyboard;
			sourceTree = "<group>";
		};
/* End PBXVariantGroup section */

/* Begin XCBuildConfiguration section */
		84CDFC0C1C3C1F4200E2EF3E /* Debug */ = {
			isa = XCBuildConfiguration;
			buildSettings = {
				ALWAYS_SEARCH_USER_PATHS = NO;
				CLANG_ANALYZER_LOCALIZABILITY_NONLOCALIZED = YES;
				CLANG_CXX_LANGUAGE_STANDARD = "gnu++0x";
				CLANG_CXX_LIBRARY = "libc++";
				CLANG_ENABLE_MODULES = YES;
				CLANG_ENABLE_OBJC_ARC = YES;
				CLANG_WARN_BLOCK_CAPTURE_AUTORELEASING = YES;
				CLANG_WARN_BOOL_CONVERSION = YES;
				CLANG_WARN_COMMA = YES;
				CLANG_WARN_CONSTANT_CONVERSION = YES;
				CLANG_WARN_DEPRECATED_OBJC_IMPLEMENTATIONS = YES;
				CLANG_WARN_DIRECT_OBJC_ISA_USAGE = YES_ERROR;
				CLANG_WARN_EMPTY_BODY = YES;
				CLANG_WARN_ENUM_CONVERSION = YES;
				CLANG_WARN_INFINITE_RECURSION = YES;
				CLANG_WARN_INT_CONVERSION = YES;
				CLANG_WARN_NON_LITERAL_NULL_CONVERSION = YES;
				CLANG_WARN_OBJC_IMPLICIT_RETAIN_SELF = YES;
				CLANG_WARN_OBJC_LITERAL_CONVERSION = YES;
				CLANG_WARN_OBJC_ROOT_CLASS = YES_ERROR;
				CLANG_WARN_RANGE_LOOP_ANALYSIS = YES;
				CLANG_WARN_STRICT_PROTOTYPES = YES;
				CLANG_WARN_SUSPICIOUS_MOVE = YES;
				CLANG_WARN_UNREACHABLE_CODE = YES;
				CLANG_WARN__DUPLICATE_METHOD_MATCH = YES;
				CODE_SIGN_IDENTITY = "iPhone Distribution";
				"CODE_SIGN_IDENTITY[sdk=iphoneos*]" = "iPhone Distribution";
				COPY_PHASE_STRIP = NO;
				DEBUG_INFORMATION_FORMAT = dwarf;
				ENABLE_STRICT_OBJC_MSGSEND = YES;
				ENABLE_TESTABILITY = YES;
				GCC_C_LANGUAGE_STANDARD = gnu99;
				GCC_DYNAMIC_NO_PIC = NO;
				GCC_NO_COMMON_BLOCKS = YES;
				GCC_OPTIMIZATION_LEVEL = 0;
				GCC_PREPROCESSOR_DEFINITIONS = (
					"DEBUG=1",
					"$(inherited)",
				);
				GCC_WARN_64_TO_32_BIT_CONVERSION = YES;
				GCC_WARN_ABOUT_RETURN_TYPE = YES_ERROR;
				GCC_WARN_UNDECLARED_SELECTOR = YES;
				GCC_WARN_UNINITIALIZED_AUTOS = YES_AGGRESSIVE;
				GCC_WARN_UNUSED_FUNCTION = YES;
				GCC_WARN_UNUSED_VARIABLE = YES;
				IPHONEOS_DEPLOYMENT_TARGET = 8.0;
				MTL_ENABLE_DEBUG_INFO = YES;
				ONLY_ACTIVE_ARCH = YES;
				SDKROOT = iphoneos;
				VERSIONING_SYSTEM = "";
			};
			name = Debug;
		};
		84CDFC0D1C3C1F4200E2EF3E /* Release */ = {
			isa = XCBuildConfiguration;
			buildSettings = {
				ALWAYS_SEARCH_USER_PATHS = NO;
				CLANG_ANALYZER_LOCALIZABILITY_NONLOCALIZED = YES;
				CLANG_CXX_LANGUAGE_STANDARD = "gnu++0x";
				CLANG_CXX_LIBRARY = "libc++";
				CLANG_ENABLE_MODULES = YES;
				CLANG_ENABLE_OBJC_ARC = YES;
				CLANG_WARN_BLOCK_CAPTURE_AUTORELEASING = YES;
				CLANG_WARN_BOOL_CONVERSION = YES;
				CLANG_WARN_COMMA = YES;
				CLANG_WARN_CONSTANT_CONVERSION = YES;
				CLANG_WARN_DEPRECATED_OBJC_IMPLEMENTATIONS = YES;
				CLANG_WARN_DIRECT_OBJC_ISA_USAGE = YES_ERROR;
				CLANG_WARN_EMPTY_BODY = YES;
				CLANG_WARN_ENUM_CONVERSION = YES;
				CLANG_WARN_INFINITE_RECURSION = YES;
				CLANG_WARN_INT_CONVERSION = YES;
				CLANG_WARN_NON_LITERAL_NULL_CONVERSION = YES;
				CLANG_WARN_OBJC_IMPLICIT_RETAIN_SELF = YES;
				CLANG_WARN_OBJC_LITERAL_CONVERSION = YES;
				CLANG_WARN_OBJC_ROOT_CLASS = YES_ERROR;
				CLANG_WARN_RANGE_LOOP_ANALYSIS = YES;
				CLANG_WARN_STRICT_PROTOTYPES = YES;
				CLANG_WARN_SUSPICIOUS_MOVE = YES;
				CLANG_WARN_UNREACHABLE_CODE = YES;
				CLANG_WARN__DUPLICATE_METHOD_MATCH = YES;
				CODE_SIGN_IDENTITY = "iPhone Distribution";
				"CODE_SIGN_IDENTITY[sdk=iphoneos*]" = "iPhone Distribution";
				COPY_PHASE_STRIP = NO;
				DEBUG_INFORMATION_FORMAT = "dwarf-with-dsym";
				ENABLE_NS_ASSERTIONS = NO;
				ENABLE_STRICT_OBJC_MSGSEND = YES;
				GCC_C_LANGUAGE_STANDARD = gnu99;
				GCC_NO_COMMON_BLOCKS = YES;
				GCC_WARN_64_TO_32_BIT_CONVERSION = YES;
				GCC_WARN_ABOUT_RETURN_TYPE = YES_ERROR;
				GCC_WARN_UNDECLARED_SELECTOR = YES;
				GCC_WARN_UNINITIALIZED_AUTOS = YES_AGGRESSIVE;
				GCC_WARN_UNUSED_FUNCTION = YES;
				GCC_WARN_UNUSED_VARIABLE = YES;
				IPHONEOS_DEPLOYMENT_TARGET = 8.0;
				MTL_ENABLE_DEBUG_INFO = NO;
				SDKROOT = iphoneos;
				VALIDATE_PRODUCT = YES;
				VERSIONING_SYSTEM = "";
			};
			name = Release;
		};
		84CDFC0F1C3C1F4200E2EF3E /* Debug */ = {
			isa = XCBuildConfiguration;
			buildSettings = {
				ASSETCATALOG_COMPILER_APPICON_NAME = AppIcon;
				CODE_SIGN_ENTITLEMENTS = "Kazakh Keyboard/Kazakh Keyboard.entitlements";
				CODE_SIGN_IDENTITY = "iPhone Developer";
				"CODE_SIGN_IDENTITY[sdk=iphoneos*]" = "iPhone Developer";
				CODE_SIGN_STYLE = Automatic;
				DEVELOPMENT_TEAM = U55Q33J358;
				INFOPLIST_FILE = "Kazakh Keyboard/Info.plist";
				IPHONEOS_DEPLOYMENT_TARGET = 8.0;
				LD_RUNPATH_SEARCH_PATHS = "$(inherited) @executable_path/Frameworks";
				LIBRARY_SEARCH_PATHS = (
					"$(inherited)",
					"$(PROJECT_DIR)/GoogleConversionTrackingSDK-iOS-3.4.0",
				);
				PRODUCT_BUNDLE_IDENTIFIER = "com.maximpuchkov.Kazakh-Keyboard";
				PRODUCT_NAME = "$(TARGET_NAME)";
				PROVISIONING_PROFILE = "";
				PROVISIONING_PROFILE_SPECIFIER = "";
				VERSIONING_SYSTEM = "";
			};
			name = Debug;
		};
		84CDFC101C3C1F4200E2EF3E /* Release */ = {
			isa = XCBuildConfiguration;
			buildSettings = {
				ASSETCATALOG_COMPILER_APPICON_NAME = AppIcon;
				CODE_SIGN_ENTITLEMENTS = "Kazakh Keyboard/Kazakh Keyboard.entitlements";
				CODE_SIGN_IDENTITY = "iPhone Developer";
				"CODE_SIGN_IDENTITY[sdk=iphoneos*]" = "iPhone Developer";
				CODE_SIGN_STYLE = Automatic;
				DEVELOPMENT_TEAM = U55Q33J358;
				INFOPLIST_FILE = "Kazakh Keyboard/Info.plist";
				IPHONEOS_DEPLOYMENT_TARGET = 8.0;
				LD_RUNPATH_SEARCH_PATHS = "$(inherited) @executable_path/Frameworks";
				LIBRARY_SEARCH_PATHS = (
					"$(inherited)",
					"$(PROJECT_DIR)/GoogleConversionTrackingSDK-iOS-3.4.0",
				);
				PRODUCT_BUNDLE_IDENTIFIER = "com.maximpuchkov.Kazakh-Keyboard";
				PRODUCT_NAME = "$(TARGET_NAME)";
				PROVISIONING_PROFILE = "";
				PROVISIONING_PROFILE_SPECIFIER = "";
				VERSIONING_SYSTEM = "";
			};
			name = Release;
		};
		84CDFC121C3C1F4200E2EF3E /* Debug */ = {
			isa = XCBuildConfiguration;
			buildSettings = {
				BUNDLE_LOADER = "$(TEST_HOST)";
				INFOPLIST_FILE = "Kazakh KeyboardTests/Info.plist";
				LD_RUNPATH_SEARCH_PATHS = "$(inherited) @executable_path/Frameworks @loader_path/Frameworks";
				PRODUCT_BUNDLE_IDENTIFIER = "com.maximpuchkov.Kazakh-KeyboardTests";
				PRODUCT_NAME = "$(TARGET_NAME)";
				TEST_HOST = "$(BUILT_PRODUCTS_DIR)/Kazakh Keyboard.app/Kazakh Keyboard";
			};
			name = Debug;
		};
		84CDFC131C3C1F4200E2EF3E /* Release */ = {
			isa = XCBuildConfiguration;
			buildSettings = {
				BUNDLE_LOADER = "$(TEST_HOST)";
				INFOPLIST_FILE = "Kazakh KeyboardTests/Info.plist";
				LD_RUNPATH_SEARCH_PATHS = "$(inherited) @executable_path/Frameworks @loader_path/Frameworks";
				PRODUCT_BUNDLE_IDENTIFIER = "com.maximpuchkov.Kazakh-KeyboardTests";
				PRODUCT_NAME = "$(TARGET_NAME)";
				TEST_HOST = "$(BUILT_PRODUCTS_DIR)/Kazakh Keyboard.app/Kazakh Keyboard";
			};
			name = Release;
		};
		84CDFC151C3C1F4200E2EF3E /* Debug */ = {
			isa = XCBuildConfiguration;
			buildSettings = {
				INFOPLIST_FILE = "Kazakh KeyboardUITests/Info.plist";
				LD_RUNPATH_SEARCH_PATHS = "$(inherited) @executable_path/Frameworks @loader_path/Frameworks";
				PRODUCT_BUNDLE_IDENTIFIER = "com.maximpuchkov.Kazakh-KeyboardUITests";
				PRODUCT_NAME = "$(TARGET_NAME)";
				TEST_TARGET_NAME = "Kazakh Keyboard";
				USES_XCTRUNNER = YES;
			};
			name = Debug;
		};
		84CDFC161C3C1F4200E2EF3E /* Release */ = {
			isa = XCBuildConfiguration;
			buildSettings = {
				INFOPLIST_FILE = "Kazakh KeyboardUITests/Info.plist";
				LD_RUNPATH_SEARCH_PATHS = "$(inherited) @executable_path/Frameworks @loader_path/Frameworks";
				PRODUCT_BUNDLE_IDENTIFIER = "com.maximpuchkov.Kazakh-KeyboardUITests";
				PRODUCT_NAME = "$(TARGET_NAME)";
				TEST_TARGET_NAME = "Kazakh Keyboard";
				USES_XCTRUNNER = YES;
			};
			name = Release;
		};
		84CDFC251C3C1F5500E2EF3E /* Debug */ = {
			isa = XCBuildConfiguration;
			buildSettings = {
				ASSETCATALOG_COMPILER_APPICON_NAME = AppIcon;
				CODE_SIGN_ENTITLEMENTS = Kazakh/Kazakh.entitlements;
				CODE_SIGN_IDENTITY = "iPhone Developer";
				"CODE_SIGN_IDENTITY[sdk=iphoneos*]" = "iPhone Developer";
				CODE_SIGN_STYLE = Automatic;
				CURRENT_PROJECT_VERSION = 555;
				DEVELOPMENT_ASSET_PATHS = "";
				DEVELOPMENT_TEAM = U55Q33J358;
				INFOPLIST_FILE = Kazakh/Info.plist;
				IPHONEOS_DEPLOYMENT_TARGET = 8.0;
				LD_RUNPATH_SEARCH_PATHS = "$(inherited) @executable_path/Frameworks @executable_path/../../Frameworks";
				PRODUCT_BUNDLE_IDENTIFIER = "com.maximpuchkov.Kazakh-Keyboard.Kazakh";
				PRODUCT_NAME = "$(TARGET_NAME)";
				PROVISIONING_PROFILE = "";
				PROVISIONING_PROFILE_SPECIFIER = "";
				SKIP_INSTALL = YES;
			};
			name = Debug;
		};
		84CDFC261C3C1F5500E2EF3E /* Release */ = {
			isa = XCBuildConfiguration;
			buildSettings = {
				ASSETCATALOG_COMPILER_APPICON_NAME = AppIcon;
				CODE_SIGN_ENTITLEMENTS = Kazakh/Kazakh.entitlements;
				CODE_SIGN_IDENTITY = "iPhone Developer";
				"CODE_SIGN_IDENTITY[sdk=iphoneos*]" = "iPhone Developer";
				CODE_SIGN_STYLE = Automatic;
				CURRENT_PROJECT_VERSION = 555;
				DEVELOPMENT_ASSET_PATHS = "";
				DEVELOPMENT_TEAM = U55Q33J358;
				INFOPLIST_FILE = Kazakh/Info.plist;
				IPHONEOS_DEPLOYMENT_TARGET = 8.0;
				LD_RUNPATH_SEARCH_PATHS = "$(inherited) @executable_path/Frameworks @executable_path/../../Frameworks";
				PRODUCT_BUNDLE_IDENTIFIER = "com.maximpuchkov.Kazakh-Keyboard.Kazakh";
				PRODUCT_NAME = "$(TARGET_NAME)";
				PROVISIONING_PROFILE = "";
				PROVISIONING_PROFILE_SPECIFIER = "";
				SKIP_INSTALL = YES;
			};
			name = Release;
		};
/* End XCBuildConfiguration section */

/* Begin XCConfigurationList section */
		84CDFBDC1C3C1F4200E2EF3E /* Build configuration list for PBXProject "Kazakh Keyboard" */ = {
			isa = XCConfigurationList;
			buildConfigurations = (
				84CDFC0C1C3C1F4200E2EF3E /* Debug */,
				84CDFC0D1C3C1F4200E2EF3E /* Release */,
			);
			defaultConfigurationIsVisible = 0;
			defaultConfigurationName = Release;
		};
		84CDFC0E1C3C1F4200E2EF3E /* Build configuration list for PBXNativeTarget "Kazakh Keyboard" */ = {
			isa = XCConfigurationList;
			buildConfigurations = (
				84CDFC0F1C3C1F4200E2EF3E /* Debug */,
				84CDFC101C3C1F4200E2EF3E /* Release */,
			);
			defaultConfigurationIsVisible = 0;
			defaultConfigurationName = Release;
		};
		84CDFC111C3C1F4200E2EF3E /* Build configuration list for PBXNativeTarget "Kazakh KeyboardTests" */ = {
			isa = XCConfigurationList;
			buildConfigurations = (
				84CDFC121C3C1F4200E2EF3E /* Debug */,
				84CDFC131C3C1F4200E2EF3E /* Release */,
			);
			defaultConfigurationIsVisible = 0;
			defaultConfigurationName = Release;
		};
		84CDFC141C3C1F4200E2EF3E /* Build configuration list for PBXNativeTarget "Kazakh KeyboardUITests" */ = {
			isa = XCConfigurationList;
			buildConfigurations = (
				84CDFC151C3C1F4200E2EF3E /* Debug */,
				84CDFC161C3C1F4200E2EF3E /* Release */,
			);
			defaultConfigurationIsVisible = 0;
			defaultConfigurationName = Release;
		};
		84CDFC241C3C1F5500E2EF3E /* Build configuration list for PBXNativeTarget "Kazakh" */ = {
			isa = XCConfigurationList;
			buildConfigurations = (
				84CDFC251C3C1F5500E2EF3E /* Debug */,
				84CDFC261C3C1F5500E2EF3E /* Release */,
			);
			defaultConfigurationIsVisible = 0;
			defaultConfigurationName = Release;
		};
/* End XCConfigurationList section */
	};
	rootObject = 84CDFBD91C3C1F4200E2EF3E /* Project object */;
}
